speakeasyVersion: 1.468.2
sources:
    saas-dev-avivl:
        sourceNamespace: saas-dev-avivl
        sourceRevisionDigest: sha256:36a85e17859bf4e489d3d2f7ac051b6ef3cf6a71c8ab53a99560e88e2970041d
        sourceBlobDigest: sha256:a88ed357304b2be33c1dfdc19faf1503bbd902aaea938cb0c5939f6146d6a9e9
        tags:
            - latest
            - speakeasy-sdk-regen-1736695977
            - 1.0.0
targets:
    volumez-sdk:
        source: saas-dev-avivl
        sourceNamespace: saas-dev-avivl
        sourceRevisionDigest: sha256:36a85e17859bf4e489d3d2f7ac051b6ef3cf6a71c8ab53a99560e88e2970041d
        sourceBlobDigest: sha256:a88ed357304b2be33c1dfdc19faf1503bbd902aaea938cb0c5939f6146d6a9e9
        codeSamplesNamespace: saas-dev-avivl-go-code-samples
        codeSamplesRevisionDigest: sha256:f6c3d3f7b88e39a3a48dc055a326ef5ccd691694e3100931187cefb36831a343
workflow:
    workflowVersion: 1.0.0
    speakeasyVersion: latest
    sources:
        saas-dev-avivl:
            inputs:
                - location: .openapi.json
            registry:
                location: registry.speakeasyapi.dev/volumez/saas/saas-dev-avivl
    targets:
        volumez-sdk:
            target: go
            source: saas-dev-avivl
            codeSamples:
                registry:
                    location: registry.speakeasyapi.dev/volumez/saas/saas-dev-avivl-go-code-samples
                labelOverride:
                    fixedValue: Go (SDK)
                blocking: false
